PODS:
  - AgoraRtcEngine_iOS (2.9.1)

DEPENDENCIES:
  - AgoraRtcEngine_iOS

SPEC REPOS:
  https://github.com/CocoaPods/Specs.git:
    - AgoraRtcEngine_iOS

SPEC CHECKSUMS:
  AgoraRtcEngine_iOS: b2eedd8f9ab47b71163f3285e836bd23feb43fff

PODFILE CHECKSUM: 63207d8d519ce7c138f53471b9234a61e31d048b

COCOAPODS: 1.9.1
